{
  "name": "gravlingkartan",
  "lockfileVersion": 3,
  "requires": true,
  "packages": {
    "": {
      "dependencies": {
        "leaflet-sidebar": "^0.2.4",
        "leaflet-textpath": "^1.2.3"
      }
    },
    "node_modules/leaflet": {
      "version": "1.9.4",
      "resolved": "https://registry.npmjs.org/leaflet/-/leaflet-1.9.4.tgz",
      "integrity": "sha512-nxS1ynzJOmOlHp+iL3FyWqK89GtNL8U8rvlMOsQdTTssxZwCXh8N2NB3GDQOL+YR3XnWyZAxwQixURb+FA74PA==",
      "peer": true
    },
    "node_modules/leaflet-sidebar": {
      "version": "0.2.4",
      "resolved": "https://registry.npmjs.org/leaflet-sidebar/-/leaflet-sidebar-0.2.4.tgz",
      "integrity": "sha512-vMGJLDKOF+Qm2hKULslRfQLMVbuqRxPyZXLAuMLp95aM9/qpXgtj8kYvPna77qMAfjZTInFOojprUGTeBHL5Fg=="
    },
    "node_modules/leaflet-textpath": {
      "version": "1.2.3",
      "resolved": "https://registry.npmjs.org/leaflet-textpath/-/leaflet-textpath-1.2.3.tgz",
      "integrity": "sha512-mPb5m2MlihNkLlo762j8S8FJCUyLvDU2fJTjjmDWKfqqyUQkV3ca3IzrxwsfzYz2DXrV2ytCVHb5+DjQymF+8w==",
      "peerDependencies": {
        "leaflet": "^1.3.1"
      }
    }
  }
}
